
Microsoft Visual Studio Solution File, Format Version 12.00
# Visual Studio Version 17
VisualStudioVersion = 17.9.34723.18
MinimumVisualStudioVersion = 10.0.40219.1
Project("{FAE04EC0-301F-11D3-BF4B-00C04F79EFBC}") = "FinancialInstruments", "FinancialInstruments\FinancialInstruments.csproj", "{E443AEE7-2C26-4D8B-B346-FB7863A6132C}"
EndProject
Global
	GlobalSection(SolutionConfigurationPlatforms) = preSolution
		Debug|Any CPU = Debug|Any CPU
		Release|Any CPU = Release|Any CPU
	EndGlobalSection
	GlobalSection(ProjectConfigurationPlatforms) = postSolution
		{E443AEE7-2C26-4D8B-B346-FB7863A6132C}.Debug|Any CPU.ActiveCfg = Debug|Any CPU
		{E443AEE7-2C26-4D8B-B346-FB7863A6132C}.Debug|Any CPU.Build.0 = Debug|Any CPU
		{E443AEE7-2C26-4D8B-B346-FB7863A6132C}.Release|Any CPU.ActiveCfg = Release|Any CPU
		{E443AEE7-2C26-4D8B-B346-FB7863A6132C}.Release|Any CPU.Build.0 = Release|Any CPU
	EndGlobalSection
	GlobalSection(SolutionProperties) = preSolution
		HideSolutionNode = FALSE
	EndGlobalSection
	GlobalSection(ExtensibilityGlobals) = postSolution
		SolutionGuid = {129EC07A-E6C5-44FF-8CFF-9F63110468BF}
	EndGlobalSection
EndGlobal
